
Microsoft Visual Studio Solution File, Format Version 12.00
# Visual Studio 15
VisualStudioVersion = 15.0.26730.12
MinimumVisualStudioVersion = 10.0.40219.1
Project("{FAE04EC0-301F-11D3-BF4B-00C04F79EFBC}") = "Hunter's Season", "Hunter's Season\Hunter's Season.csproj", "{6DBE06AD-0EF7-4804-B29F-BFE97618436A}"
EndProject
Global
	GlobalSection(SolutionConfigurationPlatforms) = preSolution
		Debug|Any CPU = Debug|Any CPU
		Release|Any CPU = Release|Any CPU
	EndGlobalSection
	GlobalSection(ProjectConfigurationPlatforms) = postSolution
		{6DBE06AD-0EF7-4804-B29F-BFE97618436A}.Debug|Any CPU.ActiveCfg = Debug|Any CPU
		{6DBE06AD-0EF7-4804-B29F-BFE97618436A}.Debug|Any CPU.Build.0 = Debug|Any CPU
		{6DBE06AD-0EF7-4804-B29F-BFE97618436A}.Release|Any CPU.ActiveCfg = Release|Any CPU
		{6DBE06AD-0EF7-4804-B29F-BFE97618436A}.Release|Any CPU.Build.0 = Release|Any CPU
	EndGlobalSection
	GlobalSection(SolutionProperties) = preSolution
		HideSolutionNode = FALSE
	EndGlobalSection
	GlobalSection(ExtensibilityGlobals) = postSolution
		SolutionGuid = {5BA892BF-56F6-49E3-BD84-12DEC82FD32F}
	EndGlobalSection
EndGlobal
